
Microsoft Visual Studio Solution File, Format Version 12.00
# Visual Studio Version 17
VisualStudioVersion = 17.8.34330.188
MinimumVisualStudioVersion = 10.0.40219.1
Project("{FAE04EC0-301F-11D3-BF4B-00C04F79EFBC}") = "mobileapp", "mobileapp\mobileapp.csproj", "{44FC3122-2F04-4E6A-9EA9-F24D51A2D7AF}"
EndProject
Global
	GlobalSection(SolutionConfigurationPlatforms) = preSolution
		Debug|Any CPU = Debug|Any CPU
		Release|Any CPU = Release|Any CPU
	EndGlobalSection
	GlobalSection(ProjectConfigurationPlatforms) = postSolution
		{44FC3122-2F04-4E6A-9EA9-F24D51A2D7AF}.Debug|Any CPU.ActiveCfg = Debug|Any CPU
		{44FC3122-2F04-4E6A-9EA9-F24D51A2D7AF}.Debug|Any CPU.Build.0 = Debug|Any CPU
		{44FC3122-2F04-4E6A-9EA9-F24D51A2D7AF}.Release|Any CPU.ActiveCfg = Release|Any CPU
		{44FC3122-2F04-4E6A-9EA9-F24D51A2D7AF}.Release|Any CPU.Build.0 = Release|Any CPU
	EndGlobalSection
	GlobalSection(SolutionProperties) = preSolution
		HideSolutionNode = FALSE
	EndGlobalSection
	GlobalSection(ExtensibilityGlobals) = postSolution
		SolutionGuid = {ACFF7D04-156D-4475-BF1C-84EB5E60E0F0}
	EndGlobalSection
EndGlobal
